
Microsoft Visual Studio Solution File, Format Version 12.00
# Visual Studio Version 17
VisualStudioVersion = 17.8.34330.188
MinimumVisualStudioVersion = 10.0.40219.1
Project("{FAE04EC0-301F-11D3-BF4B-00C04F79EFBC}") = "FEA Program", "FEA Program\FEA Program.csproj", "{63BD1922-23A5-4204-88EF-0F41FF71CA14}"
EndProject
Global
	GlobalSection(SolutionConfigurationPlatforms) = preSolution
		Debug|Any CPU = Debug|Any CPU
		Release|Any CPU = Release|Any CPU
	EndGlobalSection
	GlobalSection(ProjectConfigurationPlatforms) = postSolution
		{63BD1922-23A5-4204-88EF-0F41FF71CA14}.Debug|Any CPU.ActiveCfg = Debug|Any CPU
		{63BD1922-23A5-4204-88EF-0F41FF71CA14}.Debug|Any CPU.Build.0 = Debug|Any CPU
		{63BD1922-23A5-4204-88EF-0F41FF71CA14}.Release|Any CPU.ActiveCfg = Release|Any CPU
		{63BD1922-23A5-4204-88EF-0F41FF71CA14}.Release|Any CPU.Build.0 = Release|Any CPU
	EndGlobalSection
	GlobalSection(SolutionProperties) = preSolution
		HideSolutionNode = FALSE
	EndGlobalSection
	GlobalSection(ExtensibilityGlobals) = postSolution
		SolutionGuid = {0ECF649A-9901-476F-8999-990B6306E108}
	EndGlobalSection
EndGlobal
